
Microsoft Visual Studio Solution File, Format Version 12.00
# Visual Studio Version 16
VisualStudioVersion = 16.0.29709.97
MinimumVisualStudioVersion = 10.0.40219.1
Project("{9A19103F-16F7-4668-BE54-9A1E7A4F7556}") = "TravelLogCloudAzureBL", "TravelLogCloudAzureBL\TravelLogCloudAzureBL.csproj", "{C6742A33-5A78-4029-BC58-C6CBEE3900C3}"
EndProject
Global
	GlobalSection(SolutionConfigurationPlatforms) = preSolution
		Debug|Any CPU = Debug|Any CPU
		Release|Any CPU = Release|Any CPU
	EndGlobalSection
	GlobalSection(ProjectConfigurationPlatforms) = postSolution
		{C6742A33-5A78-4029-BC58-C6CBEE3900C3}.Debug|Any CPU.ActiveCfg = Debug|Any CPU
		{C6742A33-5A78-4029-BC58-C6CBEE3900C3}.Debug|Any CPU.Build.0 = Debug|Any CPU
		{C6742A33-5A78-4029-BC58-C6CBEE3900C3}.Release|Any CPU.ActiveCfg = Release|Any CPU
		{C6742A33-5A78-4029-BC58-C6CBEE3900C3}.Release|Any CPU.Build.0 = Release|Any CPU
	EndGlobalSection
	GlobalSection(SolutionProperties) = preSolution
		HideSolutionNode = FALSE
	EndGlobalSection
	GlobalSection(ExtensibilityGlobals) = postSolution
		SolutionGuid = {60950CAD-C86A-46A7-9F3B-45D5314DF303}
	EndGlobalSection
EndGlobal
